// !$*UTF8*$!
{
	archiveVersion = 1;
	classes = {
	};
	objectVersion = 56;
	objects = {

/* Begin PBXBuildFile section */
		3F86D5762B68BE6C00983C54 /* AppDelegate.swift in Sources */ = {isa = PBXBuildFile; fileRef = 3F86D5752B68BE6C00983C54 /* AppDelegate.swift */; };
		3F86D5782B68BE6C00983C54 /* SceneDelegate.swift in Sources */ = {isa = PBXBuildFile; fileRef = 3F86D5772B68BE6C00983C54 /* SceneDelegate.swift */; };
		3F86D57A2B68BE6C00983C54 /* ViewController.swift in Sources */ = {isa = PBXBuildFile; fileRef = 3F86D5792B68BE6C00983C54 /* ViewController.swift */; };
		3F86D57D2B68BE6C00983C54 /* Main.storyboard in Resources */ = {isa = PBXBuildFile; fileRef = 3F86D57B2B68BE6C00983C54 /* Main.storyboard */; };
		3F86D57F2B68BE6D00983C54 /* Assets.xcassets in Resources */ = {isa = PBXBuildFile; fileRef = 3F86D57E2B68BE6D00983C54 /* Assets.xcassets */; };
		3F86D5822B68BE6D00983C54 /* LaunchScreen.storyboard in Resources */ = {isa = PBXBuildFile; fileRef = 3F86D5802B68BE6D00983C54 /* LaunchScreen.storyboard */; };
		3F86D58D2B68BE6D00983C54 /* helloTests.swift in Sources */ = {isa = PBXBuildFile; fileRef = 3F86D58C2B68BE6D00983C54 /* helloTests.swift */; };
		3F86D5972B68BE6D00983C54 /* helloUITests.swift in Sources */ = {isa = PBXBuildFile; fileRef = 3F86D5962B68BE6D00983C54 /* helloUITests.swift */; };
		3F86D5992B68BE6D00983C54 /* helloUITestsLaunchTests.swift in Sources */ = {isa = PBXBuildFile; fileRef = 3F86D5982B68BE6D00983C54 /* helloUITestsLaunchTests.swift */; };
/* End PBXBuildFile section */

/* Begin PBXContainerItemProxy section */
		3F86D5892B68BE6D00983C54 /* PBXContainerItemProxy */ = {
			isa = PBXContainerItemProxy;
			containerPortal = 3F86D56A2B68BE6C00983C54 /* Project object */;
			proxyType = 1;
			remoteGlobalIDString = 3F86D5712B68BE6C00983C54;
			remoteInfo = hello;
		};
		3F86D5932B68BE6D00983C54 /* PBXContainerItemProxy */ = {
			isa = PBXContainerItemProxy;
			containerPortal = 3F86D56A2B68BE6C00983C54 /* Project object */;
			proxyType = 1;
			remoteGlobalIDString = 3F86D5712B68BE6C00983C54;
			remoteInfo = hello;
		};
/* End PBXContainerItemProxy section */

/* Begin PBXFileReference section */
		3F86D5722B68BE6C00983C54 /* hello.app */ = {isa = PBXFileReference; explicitFileType = wrapper.application; includeInIndex = 0; path = hello.app; sourceTree = BUILT_PRODUCTS_DIR; };
		3F86D5752B68BE6C00983C54 /* AppDelegate.swift */ = {isa = PBXFileReference; lastKnownFileType = sourcecode.swift; path = AppDelegate.swift; sourceTree = "<group>"; };
		3F86D5772B68BE6C00983C54 /* SceneDelegate.swift */ = {isa = PBXFileReference; lastKnownFileType = sourcecode.swift; path = SceneDelegate.swift; sourceTree = "<group>"; };
		3F86D5792B68BE6C00983C54 /* ViewController.swift */ = {isa = PBXFileReference; lastKnownFileType = sourcecode.swift; path = ViewController.swift; sourceTree = "<group>"; };
		3F86D57C2B68BE6C00983C54 /* Base */ = {isa = PBXFileReference; lastKnownFileType = file.storyboard; name = Base; path = Base.lproj/Main.storyboard; sourceTree = "<group>"; };
		3F86D57E2B68BE6D00983C54 /* Assets.xcassets */ = {isa = PBXFileReference; lastKnownFileType = folder.assetcatalog; path = Assets.xcassets; sourceTree = "<group>"; };
		3F86D5812B68BE6D00983C54 /* Base */ = {isa = PBXFileReference; lastKnownFileType = file.storyboard; name = Base; path = Base.lproj/LaunchScreen.storyboard; sourceTree = "<group>"; };
		3F86D5832B68BE6D00983C54 /* Info.plist */ = {isa = PBXFileReference; lastKnownFileType = text.plist.xml; path = Info.plist; sourceTree = "<group>"; };
		3F86D5882B68BE6D00983C54 /* helloTests.xctest */ = {isa = PBXFileReference; explicitFileType = wrapper.cfbundle; includeInIndex = 0; path = helloTests.xctest; sourceTree = BUILT_PRODUCTS_DIR; };
		3F86D58C2B68BE6D00983C54 /* helloTests.swift */ = {isa = PBXFileReference; lastKnownFileType = sourcecode.swift; path = helloTests.swift; sourceTree = "<group>"; };
		3F86D5922B68BE6D00983C54 /* helloUITests.xctest */ = {isa = PBXFileReference; explicitFileType = wrapper.cfbundle; includeInIndex = 0; path = helloUITests.xctest; sourceTree = BUILT_PRODUCTS_DIR; };
		3F86D5962B68BE6D00983C54 /* helloUITests.swift */ = {isa = PBXFileReference; lastKnownFileType = sourcecode.swift; path = helloUITests.swift; sourceTree = "<group>"; };
		3F86D5982B68BE6D00983C54 /* helloUITestsLaunchTests.swift */ = {isa = PBXFileReference; lastKnownFileType = sourcecode.swift; path = helloUITestsLaunchTests.swift; sourceTree = "<group>"; };
/* End PBXFileReference section */

/* Begin PBXFrameworksBuildPhase section */
		3F86D56F2B68BE6C00983C54 /* Frameworks */ = {
			isa = PBXFrameworksBuildPhase;
			buildActionMask = 2147483647;
			files = (
			);
			runOnlyForDeploymentPostprocessing = 0;
		};
		3F86D5852B68BE6D00983C54 /* Frameworks */ = {
			isa = PBXFrameworksBuildPhase;
			buildActionMask = 2147483647;
			files = (
			);
			runOnlyForDeploymentPostprocessing = 0;
		};
		3F86D58F2B68BE6D00983C54 /* Frameworks */ = {
			isa = PBXFrameworksBuildPhase;
			buildActionMask = 2147483647;
			files = (
			);
			runOnlyForDeploymentPostprocessing = 0;
		};
/* End PBXFrameworksBuildPhase section */

/* Begin PBXGroup section */
		3F86D5692B68BE6C00983C54 = {
			isa = PBXGroup;
			children = (
				3F86D5742B68BE6C00983C54 /* hello */,
				3F86D58B2B68BE6D00983C54 /* helloTests */,
				3F86D5952B68BE6D00983C54 /* helloUITests */,
				3F86D5732B68BE6C00983C54 /* Products */,
			);
			sourceTree = "<group>";
		};
		3F86D5732B68BE6C00983C54 /* Products */ = {
			isa = PBXGroup;
			children = (
				3F86D5722B68BE6C00983C54 /* hello.app */,
				3F86D5882B68BE6D00983C54 /* helloTests.xctest */,
				3F86D5922B68BE6D00983C54 /* helloUITests.xctest */,
			);
			name = Products;
			sourceTree = "<group>";
		};
		3F86D5742B68BE6C00983C54 /* hello */ = {
			isa = PBXGroup;
			children = (
				3F86D5752B68BE6C00983C54 /* AppDelegate.swift */,
				3F86D5772B68BE6C00983C54 /* SceneDelegate.swift */,
				3F86D5792B68BE6C00983C54 /* ViewController.swift */,
				3F86D57B2B68BE6C00983C54 /* Main.storyboard */,
				3F86D57E2B68BE6D00983C54 /* Assets.xcassets */,
				3F86D5802B68BE6D00983C54 /* LaunchScreen.storyboard */,
				3F86D5832B68BE6D00983C54 /* Info.plist */,
			);
			path = hello;
			sourceTree = "<group>";
		};
		3F86D58B2B68BE6D00983C54 /* helloTests */ = {
			isa = PBXGroup;
			children = (
				3F86D58C2B68BE6D00983C54 /* helloTests.swift */,
			);
			path = helloTests;
			sourceTree = "<group>";
		};
		3F86D5952B68BE6D00983C54 /* helloUITests */ = {
			isa = PBXGroup;
			children = (
				3F86D5962B68BE6D00983C54 /* helloUITests.swift */,
				3F86D5982B68BE6D00983C54 /* helloUITestsLaunchTests.swift */,
			);
			path = helloUITests;
			sourceTree = "<group>";
		};
/* End PBXGroup section */

/* Begin PBXNativeTarget section */
		3F86D5712B68BE6C00983C54 /* hello */ = {
			isa = PBXNativeTarget;
			buildConfigurationList = 3F86D59C2B68BE6D00983C54 /* Build configuration list for PBXNativeTarget "hello" */;
			buildPhases = (
				3F86D56E2B68BE6C00983C54 /* Sources */,
				3F86D56F2B68BE6C00983C54 /* Frameworks */,
				3F86D5702B68BE6C00983C54 /* Resources */,
			);
			buildRules = (
			);
			dependencies = (
			);
			name = hello;
			productName = hello;
			productReference = 3F86D5722B68BE6C00983C54 /* hello.app */;
			productType = "com.apple.product-type.application";
		};
		3F86D5872B68BE6D00983C54 /* helloTests */ = {
			isa = PBXNativeTarget;
			buildConfigurationList = 3F86D59F2B68BE6D00983C54 /* Build configuration list for PBXNativeTarget "helloTests" */;
			buildPhases = (
				3F86D5842B68BE6D00983C54 /* Sources */,
				3F86D5852B68BE6D00983C54 /* Frameworks */,
				3F86D5862B68BE6D00983C54 /* Resources */,
			);
			buildRules = (
			);
			dependencies = (
				3F86D58A2B68BE6D00983C54 /* PBXTargetDependency */,
			);
			name = helloTests;
			productName = helloTests;
			productReference = 3F86D5882B68BE6D00983C54 /* helloTests.xctest */;
			productType = "com.apple.product-type.bundle.unit-test";
		};
		3F86D5912B68BE6D00983C54 /* helloUITests */ = {
			isa = PBXNativeTarget;
			buildConfigurationList = 3F86D5A22B68BE6D00983C54 /* Build configuration list for PBXNativeTarget "helloUITests" */;
			buildPhases = (
				3F86D58E2B68BE6D00983C54 /* Sources */,
				3F86D58F2B68BE6D00983C54 /* Frameworks */,
				3F86D5902B68BE6D00983C54 /* Resources */,
			);
			buildRules = (
			);
			dependencies = (
				3F86D5942B68BE6D00983C54 /* PBXTargetDependency */,
			);
			name = helloUITests;
			productName = helloUITests;
			productReference = 3F86D5922B68BE6D00983C54 /* helloUITests.xctest */;
			productType = "com.apple.product-type.bundle.ui-testing";
		};
/* End PBXNativeTarget section */

/* Begin PBXProject section */
		3F86D56A2B68BE6C00983C54 /* Project object */ = {
			isa = PBXProject;
			attributes = {
				BuildIndependentTargetsInParallel = 1;
				LastSwiftUpdateCheck = 1500;
				LastUpgradeCheck = 1500;
				TargetAttributes = {
					3F86D5712B68BE6C00983C54 = {
						CreatedOnToolsVersion = 15.0.1;
					};
					3F86D5872B68BE6D00983C54 = {
						CreatedOnToolsVersion = 15.0.1;
						TestTargetID = 3F86D5712B68BE6C00983C54;
					};
					3F86D5912B68BE6D00983C54 = {
						CreatedOnToolsVersion = 15.0.1;
						TestTargetID = 3F86D5712B68BE6C00983C54;
					};
				};
			};
			buildConfigurationList = 3F86D56D2B68BE6C00983C54 /* Build configuration list for PBXProject "hello" */;
			compatibilityVersion = "Xcode 14.0";
			developmentRegion = en;
			hasScannedForEncodings = 0;
			knownRegions = (
				en,
				Base,
			);
			mainGroup = 3F86D5692B68BE6C00983C54;
			productRefGroup = 3F86D5732B68BE6C00983C54 /* Products */;
			projectDirPath = "";
			projectRoot = "";
			targets = (
				3F86D5712B68BE6C00983C54 /* hello */,
				3F86D5872B68BE6D00983C54 /* helloTests */,
				3F86D5912B68BE6D00983C54 /* helloUITests */,
			);
		};
/* End PBXProject section */

/* Begin PBXResourcesBuildPhase section */
		3F86D5702B68BE6C00983C54 /* Resources */ = {
			isa = PBXResourcesBuildPhase;
			buildActionMask = 2147483647;
			files = (
				3F86D5822B68BE6D00983C54 /* LaunchScreen.storyboard in Resources */,
				3F86D57F2B68BE6D00983C54 /* Assets.xcassets in Resources */,
				3F86D57D2B68BE6C00983C54 /* Main.storyboard in Resources */,
			);
			runOnlyForDeploymentPostprocessing = 0;
		};
		3F86D5862B68BE6D00983C54 /* Resources */ = {
			isa = PBXResourcesBuildPhase;
			buildActionMask = 2147483647;
			files = (
			);
			runOnlyForDeploymentPostprocessing = 0;
		};
		3F86D5902B68BE6D00983C54 /* Resources */ = {
			isa = PBXResourcesBuildPhase;
			buildActionMask = 2147483647;
			files = (
			);
			runOnlyForDeploymentPostprocessing = 0;
		};
/* End PBXResourcesBuildPhase section */

/* Begin PBXSourcesBuildPhase section */
		3F86D56E2B68BE6C00983C54 /* Sources */ = {
			isa = PBXSourcesBuildPhase;
			buildActionMask = 2147483647;
			files = (
				3F86D57A2B68BE6C00983C54 /* ViewController.swift in Sources */,
				3F86D5762B68BE6C00983C54 /* AppDelegate.swift in Sources */,
				3F86D5782B68BE6C00983C54 /* SceneDelegate.swift in Sources */,
			);
			runOnlyForDeploymentPostprocessing = 0;
		};
		3F86D5842B68BE6D00983C54 /* Sources */ = {
			isa = PBXSourcesBuildPhase;
			buildActionMask = 2147483647;
			files = (
				3F86D58D2B68BE6D00983C54 /* helloTests.swift in Sources */,
			);
			runOnlyForDeploymentPostprocessing = 0;
		};
		3F86D58E2B68BE6D00983C54 /* Sources */ = {
			isa = PBXSourcesBuildPhase;
			buildActionMask = 2147483647;
			files = (
				3F86D5972B68BE6D00983C54 /* helloUITests.swift in Sources */,
				3F86D5992B68BE6D00983C54 /* helloUITestsLaunchTests.swift in Sources */,
			);
			runOnlyForDeploymentPostprocessing = 0;
		};
/* End PBXSourcesBuildPhase section */

/* Begin PBXTargetDependency section */
		3F86D58A2B68BE6D00983C54 /* PBXTargetDependency */ = {
			isa = PBXTargetDependency;
			target = 3F86D5712B68BE6C00983C54 /* hello */;
			targetProxy = 3F86D5892B68BE6D00983C54 /* PBXContainerItemProxy */;
		};
		3F86D5942B68BE6D00983C54 /* PBXTargetDependency */ = {
			isa = PBXTargetDependency;
			target = 3F86D5712B68BE6C00983C54 /* hello */;
			targetProxy = 3F86D5932B68BE6D00983C54 /* PBXContainerItemProxy */;
		};
/* End PBXTargetDependency section */

/* Begin PBXVariantGroup section */
		3F86D57B2B68BE6C00983C54 /* Main.storyboard */ = {
			isa = PBXVariantGroup;
			children = (
				3F86D57C2B68BE6C00983C54 /* Base */,
			);
			name = Main.storyboard;
			sourceTree = "<group>";
		};
		3F86D5802B68BE6D00983C54 /* LaunchScreen.storyboard */ = {
			isa = PBXVariantGroup;
			children = (
				3F86D5812B68BE6D00983C54 /* Base */,
			);
			name = LaunchScreen.storyboard;
			sourceTree = "<group>";
		};
/* End PBXVariantGroup section */

/* Begin XCBuildConfiguration section */
		3F86D59A2B68BE6D00983C54 /* Debug */ = {
			isa = XCBuildConfiguration;
			buildSettings = {
				ALWAYS_SEARCH_USER_PATHS = NO;
				ASSETCATALOG_COMPILER_GENERATE_SWIFT_ASSET_SYMBOL_EXTENSIONS = YES;
				CLANG_ANALYZER_NONNULL = YES;
				CLANG_ANALYZER_NUMBER_OBJECT_CONVERSION = YES_AGGRESSIVE;
				CLANG_CXX_LANGUAGE_STANDARD = "gnu++20";
				CLANG_ENABLE_MODULES = YES;
				CLANG_ENABLE_OBJC_ARC = YES;
				CLANG_ENABLE_OBJC_WEAK = YES;
				CLANG_WARN_BLOCK_CAPTURE_AUTORELEASING = YES;
				CLANG_WARN_BOOL_CONVERSION = YES;
				CLANG_WARN_COMMA = YES;
				CLANG_WARN_CONSTANT_CONVERSION = YES;
				CLANG_WARN_DEPRECATED_OBJC_IMPLEMENTATIONS = YES;
				CLANG_WARN_DIRECT_OBJC_ISA_USAGE = YES_ERROR;
				CLANG_WARN_DOCUMENTATION_COMMENTS = YES;
				CLANG_WARN_EMPTY_BODY = YES;
				CLANG_WARN_ENUM_CONVERSION = YES;
				CLANG_WARN_INFINITE_RECURSION = YES;
				CLANG_WARN_INT_CONVERSION = YES;
				CLANG_WARN_NON_LITERAL_NULL_CONVERSION = YES;
				CLANG_WARN_OBJC_IMPLICIT_RETAIN_SELF = YES;
				CLANG_WARN_OBJC_LITERAL_CONVERSION = YES;
				CLANG_WARN_OBJC_ROOT_CLASS = YES_ERROR;
				CLANG_WARN_QUOTED_INCLUDE_IN_FRAMEWORK_HEADER = YES;
				CLANG_WARN_RANGE_LOOP_ANALYSIS = YES;
				CLANG_WARN_STRICT_PROTOTYPES = YES;
				CLANG_WARN_SUSPICIOUS_MOVE = YES;
				CLANG_WARN_UNGUARDED_AVAILABILITY = YES_AGGRESSIVE;
				CLANG_WARN_UNREACHABLE_CODE = YES;
				CLANG_WARN__DUPLICATE_METHOD_MATCH = YES;
				COPY_PHASE_STRIP = NO;
				DEBUG_INFORMATION_FORMAT = dwarf;
				ENABLE_STRICT_OBJC_MSGSEND = YES;
				ENABLE_TESTABILITY = YES;
				ENABLE_USER_SCRIPT_SANDBOXING = YES;
				GCC_C_LANGUAGE_STANDARD = gnu17;
				GCC_DYNAMIC_NO_PIC = NO;
				GCC_NO_COMMON_BLOCKS = YES;
				GCC_OPTIMIZATION_LEVEL = 0;
				GCC_PREPROCESSOR_DEFINITIONS = (
					"DEBUG=1",
					"$(inherited)",
				);
				GCC_WARN_64_TO_32_BIT_CONVERSION = YES;
				GCC_WARN_ABOUT_RETURN_TYPE = YES_ERROR;
				GCC_WARN_UNDECLARED_SELECTOR = YES;
				GCC_WARN_UNINITIALIZED_AUTOS = YES_AGGRESSIVE;
				GCC_WARN_UNUSED_FUNCTION = YES;
				GCC_WARN_UNUSED_VARIABLE = YES;
				IPHONEOS_DEPLOYMENT_TARGET = 17.0;
				LOCALIZATION_PREFERS_STRING_CATALOGS = YES;
				MTL_ENABLE_DEBUG_INFO = INCLUDE_SOURCE;
				MTL_FAST_MATH = YES;
				ONLY_ACTIVE_ARCH = YES;
				SDKROOT = iphoneos;
				SWIFT_ACTIVE_COMPILATION_CONDITIONS = "DEBUG $(inherited)";
				SWIFT_OPTIMIZATION_LEVEL = "-Onone";
			};
			name = Debug;
		};
		3F86D59B2B68BE6D00983C54 /* Release */ = {
			isa = XCBuildConfiguration;
			buildSettings = {
				ALWAYS_SEARCH_USER_PATHS = NO;
				ASSETCATALOG_COMPILER_GENERATE_SWIFT_ASSET_SYMBOL_EXTENSIONS = YES;
				CLANG_ANALYZER_NONNULL = YES;
				CLANG_ANALYZER_NUMBER_OBJECT_CONVERSION = YES_AGGRESSIVE;
				CLANG_CXX_LANGUAGE_STANDARD = "gnu++20";
				CLANG_ENABLE_MODULES = YES;
				CLANG_ENABLE_OBJC_ARC = YES;
				CLANG_ENABLE_OBJC_WEAK = YES;
				CLANG_WARN_BLOCK_CAPTURE_AUTORELEASING = YES;
				CLANG_WARN_BOOL_CONVERSION = YES;
				CLANG_WARN_COMMA = YES;
				CLANG_WARN_CONSTANT_CONVERSION = YES;
				CLANG_WARN_DEPRECATED_OBJC_IMPLEMENTATIONS = YES;
				CLANG_WARN_DIRECT_OBJC_ISA_USAGE = YES_ERROR;
				CLANG_WARN_DOCUMENTATION_COMMENTS = YES;
				CLANG_WARN_EMPTY_BODY = YES;
				CLANG_WARN_ENUM_CONVERSION = YES;
				CLANG_WARN_INFINITE_RECURSION = YES;
				CLANG_WARN_INT_CONVERSION = YES;
				CLANG_WARN_NON_LITERAL_NULL_CONVERSION = YES;
				CLANG_WARN_OBJC_IMPLICIT_RETAIN_SELF = YES;
				CLANG_WARN_OBJC_LITERAL_CONVERSION = YES;
				CLANG_WARN_OBJC_ROOT_CLASS = YES_ERROR;
				CLANG_WARN_QUOTED_INCLUDE_IN_FRAMEWORK_HEADER = YES;
				CLANG_WARN_RANGE_LOOP_ANALYSIS = YES;
				CLANG_WARN_STRICT_PROTOTYPES = YES;
				CLANG_WARN_SUSPICIOUS_MOVE = YES;
				CLANG_WARN_UNGUARDED_AVAILABILITY = YES_AGGRESSIVE;
				CLANG_WARN_UNREACHABLE_CODE = YES;
				CLANG_WARN__DUPLICATE_METHOD_MATCH = YES;
				COPY_PHASE_STRIP = NO;
				DEBUG_INFORMATION_FORMAT = "dwarf-with-dsym";
				ENABLE_NS_ASSERTIONS = NO;
				ENABLE_STRICT_OBJC_MSGSEND = YES;
				ENABLE_USER_SCRIPT_SANDBOXING = YES;
				GCC_C_LANGUAGE_STANDARD = gnu17;
				GCC_NO_COMMON_BLOCKS = YES;
				GCC_WARN_64_TO_32_BIT_CONVERSION = YES;
				GCC_WARN_ABOUT_RETURN_TYPE = YES_ERROR;
				GCC_WARN_UNDECLARED_SELECTOR = YES;
				GCC_WARN_UNINITIALIZED_AUTOS = YES_AGGRESSIVE;
				GCC_WARN_UNUSED_FUNCTION = YES;
				GCC_WARN_UNUSED_VARIABLE = YES;
				IPHONEOS_DEPLOYMENT_TARGET = 17.0;
				LOCALIZATION_PREFERS_STRING_CATALOGS = YES;
				MTL_ENABLE_DEBUG_INFO = NO;
				MTL_FAST_MATH = YES;
				SDKROOT = iphoneos;
				SWIFT_COMPILATION_MODE = wholemodule;
				VALIDATE_PRODUCT = YES;
			};
			name = Release;
		};
		3F86D59D2B68BE6D00983C54 /* Debug */ = {
			isa = XCBuildConfiguration;
			buildSettings = {
				ASSETCATALOG_COMPILER_APPICON_NAME = AppIcon;
				ASSETCATALOG_COMPILER_GLOBAL_ACCENT_COLOR_NAME = AccentColor;
				CODE_SIGN_STYLE = Automatic;
				CURRENT_PROJECT_VERSION = 1;
				GENERATE_INFOPLIST_FILE = YES;
				INFOPLIST_FILE = hello/Info.plist;
				INFOPLIST_KEY_UIApplicationSupportsIndirectInputEvents = YES;
				INFOPLIST_KEY_UILaunchStoryboardName = LaunchScreen;
				INFOPLIST_KEY_UIMainStoryboardFile = Main;
				INFOPLIST_KEY_UISupportedInterfaceOrientations_iPad = "UIInterfaceOrientationPortrait UIInterfaceOrientationPortraitUpsideDown UIInterfaceOrientationLandscapeLeft UIInterfaceOrientationLandscapeRight";
				INFOPLIST_KEY_UISupportedInterfaceOrientations_iPhone = "UIInterfaceOrientationPortrait UIInterfaceOrientationLandscapeLeft UIInterfaceOrientationLandscapeRight";
				LD_RUNPATH_SEARCH_PATHS = (
					"$(inherited)",
					"@executable_path/Frameworks",
				);
				MARKETING_VERSION = 1.0;
				PRODUCT_BUNDLE_IDENTIFIER = com.demo.hello;
				PRODUCT_NAME = "$(TARGET_NAME)";
				SWIFT_EMIT_LOC_STRINGS = YES;
				SWIFT_VERSION = 5.0;
				TARGETED_DEVICE_FAMILY = "1,2";
			};
			name = Debug;
		};
		3F86D59E2B68BE6D00983C54 /* Release */ = {
			isa = XCBuildConfiguration;
			buildSettings = {
				ASSETCATALOG_COMPILER_APPICON_NAME = AppIcon;
				ASSETCATALOG_COMPILER_GLOBAL_ACCENT_COLOR_NAME = AccentColor;
				CODE_SIGN_STYLE = Automatic;
				CURRENT_PROJECT_VERSION = 1;
				GENERATE_INFOPLIST_FILE = YES;
				INFOPLIST_FILE = hello/Info.plist;
				INFOPLIST_KEY_UIApplicationSupportsIndirectInputEvents = YES;
				INFOPLIST_KEY_UILaunchStoryboardName = LaunchScreen;
				INFOPLIST_KEY_UIMainStoryboardFile = Main;
				INFOPLIST_KEY_UISupportedInterfaceOrientations_iPad = "UIInterfaceOrientationPortrait UIInterfaceOrientationPortraitUpsideDown UIInterfaceOrientationLandscapeLeft UIInterfaceOrientationLandscapeRight";
				INFOPLIST_KEY_UISupportedInterfaceOrientations_iPhone = "UIInterfaceOrientationPortrait UIInterfaceOrientationLandscapeLeft UIInterfaceOrientationLandscapeRight";
				LD_RUNPATH_SEARCH_PATHS = (
					"$(inherited)",
					"@executable_path/Frameworks",
				);
				MARKETING_VERSION = 1.0;
				PRODUCT_BUNDLE_IDENTIFIER = com.demo.hello;
				PRODUCT_NAME = "$(TARGET_NAME)";
				SWIFT_EMIT_LOC_STRINGS = YES;
				SWIFT_VERSION = 5.0;
				TARGETED_DEVICE_FAMILY = "1,2";
			};
			name = Release;
		};
		3F86D5A02B68BE6D00983C54 /* Debug */ = {
			isa = XCBuildConfiguration;
			buildSettings = {
				ALWAYS_EMBED_SWIFT_STANDARD_LIBRARIES = YES;
				BUNDLE_LOADER = "$(TEST_HOST)";
				CODE_SIGN_STYLE = Automatic;
				CURRENT_PROJECT_VERSION = 1;
				GENERATE_INFOPLIST_FILE = YES;
				IPHONEOS_DEPLOYMENT_TARGET = 17.0;
				MARKETING_VERSION = 1.0;
				PRODUCT_BUNDLE_IDENTIFIER = com.demo.helloTests;
				PRODUCT_NAME = "$(TARGET_NAME)";
				SWIFT_EMIT_LOC_STRINGS = NO;
				SWIFT_VERSION = 5.0;
				TARGETED_DEVICE_FAMILY = "1,2";
				TEST_HOST = "$(BUILT_PRODUCTS_DIR)/hello.app/$(BUNDLE_EXECUTABLE_FOLDER_PATH)/hello";
			};
			name = Debug;
		};
		3F86D5A12B68BE6D00983C54 /* Release */ = {
			isa = XCBuildConfiguration;
			buildSettings = {
				ALWAYS_EMBED_SWIFT_STANDARD_LIBRARIES = YES;
				BUNDLE_LOADER = "$(TEST_HOST)";
				CODE_SIGN_STYLE = Automatic;
				CURRENT_PROJECT_VERSION = 1;
				GENERATE_INFOPLIST_FILE = YES;
				IPHONEOS_DEPLOYMENT_TARGET = 17.0;
				MARKETING_VERSION = 1.0;
				PRODUCT_BUNDLE_IDENTIFIER = com.demo.helloTests;
				PRODUCT_NAME = "$(TARGET_NAME)";
				SWIFT_EMIT_LOC_STRINGS = NO;
				SWIFT_VERSION = 5.0;
				TARGETED_DEVICE_FAMILY = "1,2";
				TEST_HOST = "$(BUILT_PRODUCTS_DIR)/hello.app/$(BUNDLE_EXECUTABLE_FOLDER_PATH)/hello";
			};
			name = Release;
		};
		3F86D5A32B68BE6D00983C54 /* Debug */ = {
			isa = XCBuildConfiguration;
			buildSettings = {
				ALWAYS_EMBED_SWIFT_STANDARD_LIBRARIES = YES;
				CODE_SIGN_STYLE = Automatic;
				CURRENT_PROJECT_VERSION = 1;
				GENERATE_INFOPLIST_FILE = YES;
				MARKETING_VERSION = 1.0;
				PRODUCT_BUNDLE_IDENTIFIER = com.demo.helloUITests;
				PRODUCT_NAME = "$(TARGET_NAME)";
				SWIFT_EMIT_LOC_STRINGS = NO;
				SWIFT_VERSION = 5.0;
				TARGETED_DEVICE_FAMILY = "1,2";
				TEST_TARGET_NAME = hello;
			};
			name = Debug;
		};
		3F86D5A42B68BE6D00983C54 /* Release */ = {
			isa = XCBuildConfiguration;
			buildSettings = {
				ALWAYS_EMBED_SWIFT_STANDARD_LIBRARIES = YES;
				CODE_SIGN_STYLE = Automatic;
				CURRENT_PROJECT_VERSION = 1;
				GENERATE_INFOPLIST_FILE = YES;
				MARKETING_VERSION = 1.0;
				PRODUCT_BUNDLE_IDENTIFIER = com.demo.helloUITests;
				PRODUCT_NAME = "$(TARGET_NAME)";
				SWIFT_EMIT_LOC_STRINGS = NO;
				SWIFT_VERSION = 5.0;
				TARGETED_DEVICE_FAMILY = "1,2";
				TEST_TARGET_NAME = hello;
			};
			name = Release;
		};
/* End XCBuildConfiguration section */

/* Begin XCConfigurationList section */
		3F86D56D2B68BE6C00983C54 /* Build configuration list for PBXProject "hello" */ = {
			isa = XCConfigurationList;
			buildConfigurations = (
				3F86D59A2B68BE6D00983C54 /* Debug */,
				3F86D59B2B68BE6D00983C54 /* Release */,
			);
			defaultConfigurationIsVisible = 0;
			defaultConfigurationName = Release;
		};
		3F86D59C2B68BE6D00983C54 /* Build configuration list for PBXNativeTarget "hello" */ = {
			isa = XCConfigurationList;
			buildConfigurations = (
				3F86D59D2B68BE6D00983C54 /* Debug */,
				3F86D59E2B68BE6D00983C54 /* Release */,
			);
			defaultConfigurationIsVisible = 0;
			defaultConfigurationName = Release;
		};
		3F86D59F2B68BE6D00983C54 /* Build configuration list for PBXNativeTarget "helloTests" */ = {
			isa = XCConfigurationList;
			buildConfigurations = (
				3F86D5A02B68BE6D00983C54 /* Debug */,
				3F86D5A12B68BE6D00983C54 /* Release */,
			);
			defaultConfigurationIsVisible = 0;
			defaultConfigurationName = Release;
		};
		3F86D5A22B68BE6D00983C54 /* Build configuration list for PBXNativeTarget "helloUITests" */ = {
			isa = XCConfigurationList;
			buildConfigurations = (
				3F86D5A32B68BE6D00983C54 /* Debug */,
				3F86D5A42B68BE6D00983C54 /* Release */,
			);
			defaultConfigurationIsVisible = 0;
			defaultConfigurationName = Release;
		};
/* End XCConfigurationList section */
	};
	rootObject = 3F86D56A2B68BE6C00983C54 /* Project object */;
}
