// !$*UTF8*$!
{
	archiveVersion = 1;
	classes = {
	};
	objectVersion = 56;
	objects = {

/* Begin PBXBuildFile section */
		3F542D832B5620F40009EFBC /* AppDelegate.swift in Sources */ = {isa = PBXBuildFile; fileRef = 3F542D822B5620F40009EFBC /* AppDelegate.swift */; };
		3F542D852B5620F40009EFBC /* SceneDelegate.swift in Sources */ = {isa = PBXBuildFile; fileRef = 3F542D842B5620F40009EFBC /* SceneDelegate.swift */; };
		3F542D872B5620F40009EFBC /* ViewController.swift in Sources */ = {isa = PBXBuildFile; fileRef = 3F542D862B5620F40009EFBC /* ViewController.swift */; };
		3F542D8A2B5620F40009EFBC /* Main.storyboard in Resources */ = {isa = PBXBuildFile; fileRef = 3F542D882B5620F40009EFBC /* Main.storyboard */; };
		3F542D8C2B5620F50009EFBC /* Assets.xcassets in Resources */ = {isa = PBXBuildFile; fileRef = 3F542D8B2B5620F50009EFBC /* Assets.xcassets */; };
		3F542D8F2B5620F50009EFBC /* LaunchScreen.storyboard in Resources */ = {isa = PBXBuildFile; fileRef = 3F542D8D2B5620F50009EFBC /* LaunchScreen.storyboard */; };
		3F542D9A2B5620F50009EFBC /* segmentcontrolTests.swift in Sources */ = {isa = PBXBuildFile; fileRef = 3F542D992B5620F50009EFBC /* segmentcontrolTests.swift */; };
		3F542DA42B5620F50009EFBC /* segmentcontrolUITests.swift in Sources */ = {isa = PBXBuildFile; fileRef = 3F542DA32B5620F50009EFBC /* segmentcontrolUITests.swift */; };
		3F542DA62B5620F50009EFBC /* segmentcontrolUITestsLaunchTests.swift in Sources */ = {isa = PBXBuildFile; fileRef = 3F542DA52B5620F50009EFBC /* segmentcontrolUITestsLaunchTests.swift */; };
/* End PBXBuildFile section */

/* Begin PBXContainerItemProxy section */
		3F542D962B5620F50009EFBC /* PBXContainerItemProxy */ = {
			isa = PBXContainerItemProxy;
			containerPortal = 3F542D772B5620F40009EFBC /* Project object */;
			proxyType = 1;
			remoteGlobalIDString = 3F542D7E2B5620F40009EFBC;
			remoteInfo = segmentcontrol;
		};
		3F542DA02B5620F50009EFBC /* PBXContainerItemProxy */ = {
			isa = PBXContainerItemProxy;
			containerPortal = 3F542D772B5620F40009EFBC /* Project object */;
			proxyType = 1;
			remoteGlobalIDString = 3F542D7E2B5620F40009EFBC;
			remoteInfo = segmentcontrol;
		};
/* End PBXContainerItemProxy section */

/* Begin PBXFileReference section */
		3F542D7F2B5620F40009EFBC /* segmentcontrol.app */ = {isa = PBXFileReference; explicitFileType = wrapper.application; includeInIndex = 0; path = segmentcontrol.app; sourceTree = BUILT_PRODUCTS_DIR; };
		3F542D822B5620F40009EFBC /* AppDelegate.swift */ = {isa = PBXFileReference; lastKnownFileType = sourcecode.swift; path = AppDelegate.swift; sourceTree = "<group>"; };
		3F542D842B5620F40009EFBC /* SceneDelegate.swift */ = {isa = PBXFileReference; lastKnownFileType = sourcecode.swift; path = SceneDelegate.swift; sourceTree = "<group>"; };
		3F542D862B5620F40009EFBC /* ViewController.swift */ = {isa = PBXFileReference; lastKnownFileType = sourcecode.swift; path = ViewController.swift; sourceTree = "<group>"; };
		3F542D892B5620F40009EFBC /* Base */ = {isa = PBXFileReference; lastKnownFileType = file.storyboard; name = Base; path = Base.lproj/Main.storyboard; sourceTree = "<group>"; };
		3F542D8B2B5620F50009EFBC /* Assets.xcassets */ = {isa = PBXFileReference; lastKnownFileType = folder.assetcatalog; path = Assets.xcassets; sourceTree = "<group>"; };
		3F542D8E2B5620F50009EFBC /* Base */ = {isa = PBXFileReference; lastKnownFileType = file.storyboard; name = Base; path = Base.lproj/LaunchScreen.storyboard; sourceTree = "<group>"; };
		3F542D902B5620F50009EFBC /* Info.plist */ = {isa = PBXFileReference; lastKnownFileType = text.plist.xml; path = Info.plist; sourceTree = "<group>"; };
		3F542D952B5620F50009EFBC /* segmentcontrolTests.xctest */ = {isa = PBXFileReference; explicitFileType = wrapper.cfbundle; includeInIndex = 0; path = segmentcontrolTests.xctest; sourceTree = BUILT_PRODUCTS_DIR; };
		3F542D992B5620F50009EFBC /* segmentcontrolTests.swift */ = {isa = PBXFileReference; lastKnownFileType = sourcecode.swift; path = segmentcontrolTests.swift; sourceTree = "<group>"; };
		3F542D9F2B5620F50009EFBC /* segmentcontrolUITests.xctest */ = {isa = PBXFileReference; explicitFileType = wrapper.cfbundle; includeInIndex = 0; path = segmentcontrolUITests.xctest; sourceTree = BUILT_PRODUCTS_DIR; };
		3F542DA32B5620F50009EFBC /* segmentcontrolUITests.swift */ = {isa = PBXFileReference; lastKnownFileType = sourcecode.swift; path = segmentcontrolUITests.swift; sourceTree = "<group>"; };
		3F542DA52B5620F50009EFBC /* segmentcontrolUITestsLaunchTests.swift */ = {isa = PBXFileReference; lastKnownFileType = sourcecode.swift; path = segmentcontrolUITestsLaunchTests.swift; sourceTree = "<group>"; };
/* End PBXFileReference section */

/* Begin PBXFrameworksBuildPhase section */
		3F542D7C2B5620F40009EFBC /* Frameworks */ = {
			isa = PBXFrameworksBuildPhase;
			buildActionMask = 2147483647;
			files = (
			);
			runOnlyForDeploymentPostprocessing = 0;
		};
		3F542D922B5620F50009EFBC /* Frameworks */ = {
			isa = PBXFrameworksBuildPhase;
			buildActionMask = 2147483647;
			files = (
			);
			runOnlyForDeploymentPostprocessing = 0;
		};
		3F542D9C2B5620F50009EFBC /* Frameworks */ = {
			isa = PBXFrameworksBuildPhase;
			buildActionMask = 2147483647;
			files = (
			);
			runOnlyForDeploymentPostprocessing = 0;
		};
/* End PBXFrameworksBuildPhase section */

/* Begin PBXGroup section */
		3F542D762B5620F40009EFBC = {
			isa = PBXGroup;
			children = (
				3F542D812B5620F40009EFBC /* segmentcontrol */,
				3F542D982B5620F50009EFBC /* segmentcontrolTests */,
				3F542DA22B5620F50009EFBC /* segmentcontrolUITests */,
				3F542D802B5620F40009EFBC /* Products */,
			);
			sourceTree = "<group>";
		};
		3F542D802B5620F40009EFBC /* Products */ = {
			isa = PBXGroup;
			children = (
				3F542D7F2B5620F40009EFBC /* segmentcontrol.app */,
				3F542D952B5620F50009EFBC /* segmentcontrolTests.xctest */,
				3F542D9F2B5620F50009EFBC /* segmentcontrolUITests.xctest */,
			);
			name = Products;
			sourceTree = "<group>";
		};
		3F542D812B5620F40009EFBC /* segmentcontrol */ = {
			isa = PBXGroup;
			children = (
				3F542D822B5620F40009EFBC /* AppDelegate.swift */,
				3F542D842B5620F40009EFBC /* SceneDelegate.swift */,
				3F542D862B5620F40009EFBC /* ViewController.swift */,
				3F542D882B5620F40009EFBC /* Main.storyboard */,
				3F542D8B2B5620F50009EFBC /* Assets.xcassets */,
				3F542D8D2B5620F50009EFBC /* LaunchScreen.storyboard */,
				3F542D902B5620F50009EFBC /* Info.plist */,
			);
			path = segmentcontrol;
			sourceTree = "<group>";
		};
		3F542D982B5620F50009EFBC /* segmentcontrolTests */ = {
			isa = PBXGroup;
			children = (
				3F542D992B5620F50009EFBC /* segmentcontrolTests.swift */,
			);
			path = segmentcontrolTests;
			sourceTree = "<group>";
		};
		3F542DA22B5620F50009EFBC /* segmentcontrolUITests */ = {
			isa = PBXGroup;
			children = (
				3F542DA32B5620F50009EFBC /* segmentcontrolUITests.swift */,
				3F542DA52B5620F50009EFBC /* segmentcontrolUITestsLaunchTests.swift */,
			);
			path = segmentcontrolUITests;
			sourceTree = "<group>";
		};
/* End PBXGroup section */

/* Begin PBXNativeTarget section */
		3F542D7E2B5620F40009EFBC /* segmentcontrol */ = {
			isa = PBXNativeTarget;
			buildConfigurationList = 3F542DA92B5620F50009EFBC /* Build configuration list for PBXNativeTarget "segmentcontrol" */;
			buildPhases = (
				3F542D7B2B5620F40009EFBC /* Sources */,
				3F542D7C2B5620F40009EFBC /* Frameworks */,
				3F542D7D2B5620F40009EFBC /* Resources */,
			);
			buildRules = (
			);
			dependencies = (
			);
			name = segmentcontrol;
			productName = segmentcontrol;
			productReference = 3F542D7F2B5620F40009EFBC /* segmentcontrol.app */;
			productType = "com.apple.product-type.application";
		};
		3F542D942B5620F50009EFBC /* segmentcontrolTests */ = {
			isa = PBXNativeTarget;
			buildConfigurationList = 3F542DAC2B5620F50009EFBC /* Build configuration list for PBXNativeTarget "segmentcontrolTests" */;
			buildPhases = (
				3F542D912B5620F50009EFBC /* Sources */,
				3F542D922B5620F50009EFBC /* Frameworks */,
				3F542D932B5620F50009EFBC /* Resources */,
			);
			buildRules = (
			);
			dependencies = (
				3F542D972B5620F50009EFBC /* PBXTargetDependency */,
			);
			name = segmentcontrolTests;
			productName = segmentcontrolTests;
			productReference = 3F542D952B5620F50009EFBC /* segmentcontrolTests.xctest */;
			productType = "com.apple.product-type.bundle.unit-test";
		};
		3F542D9E2B5620F50009EFBC /* segmentcontrolUITests */ = {
			isa = PBXNativeTarget;
			buildConfigurationList = 3F542DAF2B5620F50009EFBC /* Build configuration list for PBXNativeTarget "segmentcontrolUITests" */;
			buildPhases = (
				3F542D9B2B5620F50009EFBC /* Sources */,
				3F542D9C2B5620F50009EFBC /* Frameworks */,
				3F542D9D2B5620F50009EFBC /* Resources */,
			);
			buildRules = (
			);
			dependencies = (
				3F542DA12B5620F50009EFBC /* PBXTargetDependency */,
			);
			name = segmentcontrolUITests;
			productName = segmentcontrolUITests;
			productReference = 3F542D9F2B5620F50009EFBC /* segmentcontrolUITests.xctest */;
			productType = "com.apple.product-type.bundle.ui-testing";
		};
/* End PBXNativeTarget section */

/* Begin PBXProject section */
		3F542D772B5620F40009EFBC /* Project object */ = {
			isa = PBXProject;
			attributes = {
				BuildIndependentTargetsInParallel = 1;
				LastSwiftUpdateCheck = 1500;
				LastUpgradeCheck = 1500;
				TargetAttributes = {
					3F542D7E2B5620F40009EFBC = {
						CreatedOnToolsVersion = 15.0.1;
					};
					3F542D942B5620F50009EFBC = {
						CreatedOnToolsVersion = 15.0.1;
						TestTargetID = 3F542D7E2B5620F40009EFBC;
					};
					3F542D9E2B5620F50009EFBC = {
						CreatedOnToolsVersion = 15.0.1;
						TestTargetID = 3F542D7E2B5620F40009EFBC;
					};
				};
			};
			buildConfigurationList = 3F542D7A2B5620F40009EFBC /* Build configuration list for PBXProject "segmentcontrol" */;
			compatibilityVersion = "Xcode 14.0";
			developmentRegion = en;
			hasScannedForEncodings = 0;
			knownRegions = (
				en,
				Base,
			);
			mainGroup = 3F542D762B5620F40009EFBC;
			productRefGroup = 3F542D802B5620F40009EFBC /* Products */;
			projectDirPath = "";
			projectRoot = "";
			targets = (
				3F542D7E2B5620F40009EFBC /* segmentcontrol */,
				3F542D942B5620F50009EFBC /* segmentcontrolTests */,
				3F542D9E2B5620F50009EFBC /* segmentcontrolUITests */,
			);
		};
/* End PBXProject section */

/* Begin PBXResourcesBuildPhase section */
		3F542D7D2B5620F40009EFBC /* Resources */ = {
			isa = PBXResourcesBuildPhase;
			buildActionMask = 2147483647;
			files = (
				3F542D8F2B5620F50009EFBC /* LaunchScreen.storyboard in Resources */,
				3F542D8C2B5620F50009EFBC /* Assets.xcassets in Resources */,
				3F542D8A2B5620F40009EFBC /* Main.storyboard in Resources */,
			);
			runOnlyForDeploymentPostprocessing = 0;
		};
		3F542D932B5620F50009EFBC /* Resources */ = {
			isa = PBXResourcesBuildPhase;
			buildActionMask = 2147483647;
			files = (
			);
			runOnlyForDeploymentPostprocessing = 0;
		};
		3F542D9D2B5620F50009EFBC /* Resources */ = {
			isa = PBXResourcesBuildPhase;
			buildActionMask = 2147483647;
			files = (
			);
			runOnlyForDeploymentPostprocessing = 0;
		};
/* End PBXResourcesBuildPhase section */

/* Begin PBXSourcesBuildPhase section */
		3F542D7B2B5620F40009EFBC /* Sources */ = {
			isa = PBXSourcesBuildPhase;
			buildActionMask = 2147483647;
			files = (
				3F542D872B5620F40009EFBC /* ViewController.swift in Sources */,
				3F542D832B5620F40009EFBC /* AppDelegate.swift in Sources */,
				3F542D852B5620F40009EFBC /* SceneDelegate.swift in Sources */,
			);
			runOnlyForDeploymentPostprocessing = 0;
		};
		3F542D912B5620F50009EFBC /* Sources */ = {
			isa = PBXSourcesBuildPhase;
			buildActionMask = 2147483647;
			files = (
				3F542D9A2B5620F50009EFBC /* segmentcontrolTests.swift in Sources */,
			);
			runOnlyForDeploymentPostprocessing = 0;
		};
		3F542D9B2B5620F50009EFBC /* Sources */ = {
			isa = PBXSourcesBuildPhase;
			buildActionMask = 2147483647;
			files = (
				3F542DA62B5620F50009EFBC /* segmentcontrolUITestsLaunchTests.swift in Sources */,
				3F542DA42B5620F50009EFBC /* segmentcontrolUITests.swift in Sources */,
			);
			runOnlyForDeploymentPostprocessing = 0;
		};
/* End PBXSourcesBuildPhase section */

/* Begin PBXTargetDependency section */
		3F542D972B5620F50009EFBC /* PBXTargetDependency */ = {
			isa = PBXTargetDependency;
			target = 3F542D7E2B5620F40009EFBC /* segmentcontrol */;
			targetProxy = 3F542D962B5620F50009EFBC /* PBXContainerItemProxy */;
		};
		3F542DA12B5620F50009EFBC /* PBXTargetDependency */ = {
			isa = PBXTargetDependency;
			target = 3F542D7E2B5620F40009EFBC /* segmentcontrol */;
			targetProxy = 3F542DA02B5620F50009EFBC /* PBXContainerItemProxy */;
		};
/* End PBXTargetDependency section */

/* Begin PBXVariantGroup section */
		3F542D882B5620F40009EFBC /* Main.storyboard */ = {
			isa = PBXVariantGroup;
			children = (
				3F542D892B5620F40009EFBC /* Base */,
			);
			name = Main.storyboard;
			sourceTree = "<group>";
		};
		3F542D8D2B5620F50009EFBC /* LaunchScreen.storyboard */ = {
			isa = PBXVariantGroup;
			children = (
				3F542D8E2B5620F50009EFBC /* Base */,
			);
			name = LaunchScreen.storyboard;
			sourceTree = "<group>";
		};
/* End PBXVariantGroup section */

/* Begin XCBuildConfiguration section */
		3F542DA72B5620F50009EFBC /* Debug */ = {
			isa = XCBuildConfiguration;
			buildSettings = {
				ALWAYS_SEARCH_USER_PATHS = NO;
				ASSETCATALOG_COMPILER_GENERATE_SWIFT_ASSET_SYMBOL_EXTENSIONS = YES;
				CLANG_ANALYZER_NONNULL = YES;
				CLANG_ANALYZER_NUMBER_OBJECT_CONVERSION = YES_AGGRESSIVE;
				CLANG_CXX_LANGUAGE_STANDARD = "gnu++20";
				CLANG_ENABLE_MODULES = YES;
				CLANG_ENABLE_OBJC_ARC = YES;
				CLANG_ENABLE_OBJC_WEAK = YES;
				CLANG_WARN_BLOCK_CAPTURE_AUTORELEASING = YES;
				CLANG_WARN_BOOL_CONVERSION = YES;
				CLANG_WARN_COMMA = YES;
				CLANG_WARN_CONSTANT_CONVERSION = YES;
				CLANG_WARN_DEPRECATED_OBJC_IMPLEMENTATIONS = YES;
				CLANG_WARN_DIRECT_OBJC_ISA_USAGE = YES_ERROR;
				CLANG_WARN_DOCUMENTATION_COMMENTS = YES;
				CLANG_WARN_EMPTY_BODY = YES;
				CLANG_WARN_ENUM_CONVERSION = YES;
				CLANG_WARN_INFINITE_RECURSION = YES;
				CLANG_WARN_INT_CONVERSION = YES;
				CLANG_WARN_NON_LITERAL_NULL_CONVERSION = YES;
				CLANG_WARN_OBJC_IMPLICIT_RETAIN_SELF = YES;
				CLANG_WARN_OBJC_LITERAL_CONVERSION = YES;
				CLANG_WARN_OBJC_ROOT_CLASS = YES_ERROR;
				CLANG_WARN_QUOTED_INCLUDE_IN_FRAMEWORK_HEADER = YES;
				CLANG_WARN_RANGE_LOOP_ANALYSIS = YES;
				CLANG_WARN_STRICT_PROTOTYPES = YES;
				CLANG_WARN_SUSPICIOUS_MOVE = YES;
				CLANG_WARN_UNGUARDED_AVAILABILITY = YES_AGGRESSIVE;
				CLANG_WARN_UNREACHABLE_CODE = YES;
				CLANG_WARN__DUPLICATE_METHOD_MATCH = YES;
				COPY_PHASE_STRIP = NO;
				DEBUG_INFORMATION_FORMAT = dwarf;
				ENABLE_STRICT_OBJC_MSGSEND = YES;
				ENABLE_TESTABILITY = YES;
				ENABLE_USER_SCRIPT_SANDBOXING = YES;
				GCC_C_LANGUAGE_STANDARD = gnu17;
				GCC_DYNAMIC_NO_PIC = NO;
				GCC_NO_COMMON_BLOCKS = YES;
				GCC_OPTIMIZATION_LEVEL = 0;
				GCC_PREPROCESSOR_DEFINITIONS = (
					"DEBUG=1",
					"$(inherited)",
				);
				GCC_WARN_64_TO_32_BIT_CONVERSION = YES;
				GCC_WARN_ABOUT_RETURN_TYPE = YES_ERROR;
				GCC_WARN_UNDECLARED_SELECTOR = YES;
				GCC_WARN_UNINITIALIZED_AUTOS = YES_AGGRESSIVE;
				GCC_WARN_UNUSED_FUNCTION = YES;
				GCC_WARN_UNUSED_VARIABLE = YES;
				IPHONEOS_DEPLOYMENT_TARGET = 17.0;
				LOCALIZATION_PREFERS_STRING_CATALOGS = YES;
				MTL_ENABLE_DEBUG_INFO = INCLUDE_SOURCE;
				MTL_FAST_MATH = YES;
				ONLY_ACTIVE_ARCH = YES;
				SDKROOT = iphoneos;
				SWIFT_ACTIVE_COMPILATION_CONDITIONS = "DEBUG $(inherited)";
				SWIFT_OPTIMIZATION_LEVEL = "-Onone";
			};
			name = Debug;
		};
		3F542DA82B5620F50009EFBC /* Release */ = {
			isa = XCBuildConfiguration;
			buildSettings = {
				ALWAYS_SEARCH_USER_PATHS = NO;
				ASSETCATALOG_COMPILER_GENERATE_SWIFT_ASSET_SYMBOL_EXTENSIONS = YES;
				CLANG_ANALYZER_NONNULL = YES;
				CLANG_ANALYZER_NUMBER_OBJECT_CONVERSION = YES_AGGRESSIVE;
				CLANG_CXX_LANGUAGE_STANDARD = "gnu++20";
				CLANG_ENABLE_MODULES = YES;
				CLANG_ENABLE_OBJC_ARC = YES;
				CLANG_ENABLE_OBJC_WEAK = YES;
				CLANG_WARN_BLOCK_CAPTURE_AUTORELEASING = YES;
				CLANG_WARN_BOOL_CONVERSION = YES;
				CLANG_WARN_COMMA = YES;
				CLANG_WARN_CONSTANT_CONVERSION = YES;
				CLANG_WARN_DEPRECATED_OBJC_IMPLEMENTATIONS = YES;
				CLANG_WARN_DIRECT_OBJC_ISA_USAGE = YES_ERROR;
				CLANG_WARN_DOCUMENTATION_COMMENTS = YES;
				CLANG_WARN_EMPTY_BODY = YES;
				CLANG_WARN_ENUM_CONVERSION = YES;
				CLANG_WARN_INFINITE_RECURSION = YES;
				CLANG_WARN_INT_CONVERSION = YES;
				CLANG_WARN_NON_LITERAL_NULL_CONVERSION = YES;
				CLANG_WARN_OBJC_IMPLICIT_RETAIN_SELF = YES;
				CLANG_WARN_OBJC_LITERAL_CONVERSION = YES;
				CLANG_WARN_OBJC_ROOT_CLASS = YES_ERROR;
				CLANG_WARN_QUOTED_INCLUDE_IN_FRAMEWORK_HEADER = YES;
				CLANG_WARN_RANGE_LOOP_ANALYSIS = YES;
				CLANG_WARN_STRICT_PROTOTYPES = YES;
				CLANG_WARN_SUSPICIOUS_MOVE = YES;
				CLANG_WARN_UNGUARDED_AVAILABILITY = YES_AGGRESSIVE;
				CLANG_WARN_UNREACHABLE_CODE = YES;
				CLANG_WARN__DUPLICATE_METHOD_MATCH = YES;
				COPY_PHASE_STRIP = NO;
				DEBUG_INFORMATION_FORMAT = "dwarf-with-dsym";
				ENABLE_NS_ASSERTIONS = NO;
				ENABLE_STRICT_OBJC_MSGSEND = YES;
				ENABLE_USER_SCRIPT_SANDBOXING = YES;
				GCC_C_LANGUAGE_STANDARD = gnu17;
				GCC_NO_COMMON_BLOCKS = YES;
				GCC_WARN_64_TO_32_BIT_CONVERSION = YES;
				GCC_WARN_ABOUT_RETURN_TYPE = YES_ERROR;
				GCC_WARN_UNDECLARED_SELECTOR = YES;
				GCC_WARN_UNINITIALIZED_AUTOS = YES_AGGRESSIVE;
				GCC_WARN_UNUSED_FUNCTION = YES;
				GCC_WARN_UNUSED_VARIABLE = YES;
				IPHONEOS_DEPLOYMENT_TARGET = 17.0;
				LOCALIZATION_PREFERS_STRING_CATALOGS = YES;
				MTL_ENABLE_DEBUG_INFO = NO;
				MTL_FAST_MATH = YES;
				SDKROOT = iphoneos;
				SWIFT_COMPILATION_MODE = wholemodule;
				VALIDATE_PRODUCT = YES;
			};
			name = Release;
		};
		3F542DAA2B5620F50009EFBC /* Debug */ = {
			isa = XCBuildConfiguration;
			buildSettings = {
				ASSETCATALOG_COMPILER_APPICON_NAME = AppIcon;
				ASSETCATALOG_COMPILER_GLOBAL_ACCENT_COLOR_NAME = AccentColor;
				CODE_SIGN_STYLE = Automatic;
				CURRENT_PROJECT_VERSION = 1;
				GENERATE_INFOPLIST_FILE = YES;
				INFOPLIST_FILE = segmentcontrol/Info.plist;
				INFOPLIST_KEY_UIApplicationSupportsIndirectInputEvents = YES;
				INFOPLIST_KEY_UILaunchStoryboardName = LaunchScreen;
				INFOPLIST_KEY_UIMainStoryboardFile = Main;
				INFOPLIST_KEY_UISupportedInterfaceOrientations_iPad = "UIInterfaceOrientationPortrait UIInterfaceOrientationPortraitUpsideDown UIInterfaceOrientationLandscapeLeft UIInterfaceOrientationLandscapeRight";
				INFOPLIST_KEY_UISupportedInterfaceOrientations_iPhone = "UIInterfaceOrientationPortrait UIInterfaceOrientationLandscapeLeft UIInterfaceOrientationLandscapeRight";
				LD_RUNPATH_SEARCH_PATHS = (
					"$(inherited)",
					"@executable_path/Frameworks",
				);
				MARKETING_VERSION = 1.0;
				PRODUCT_BUNDLE_IDENTIFIER = com.demo.segmentcontrol;
				PRODUCT_NAME = "$(TARGET_NAME)";
				SWIFT_EMIT_LOC_STRINGS = YES;
				SWIFT_VERSION = 5.0;
				TARGETED_DEVICE_FAMILY = "1,2";
			};
			name = Debug;
		};
		3F542DAB2B5620F50009EFBC /* Release */ = {
			isa = XCBuildConfiguration;
			buildSettings = {
				ASSETCATALOG_COMPILER_APPICON_NAME = AppIcon;
				ASSETCATALOG_COMPILER_GLOBAL_ACCENT_COLOR_NAME = AccentColor;
				CODE_SIGN_STYLE = Automatic;
				CURRENT_PROJECT_VERSION = 1;
				GENERATE_INFOPLIST_FILE = YES;
				INFOPLIST_FILE = segmentcontrol/Info.plist;
				INFOPLIST_KEY_UIApplicationSupportsIndirectInputEvents = YES;
				INFOPLIST_KEY_UILaunchStoryboardName = LaunchScreen;
				INFOPLIST_KEY_UIMainStoryboardFile = Main;
				INFOPLIST_KEY_UISupportedInterfaceOrientations_iPad = "UIInterfaceOrientationPortrait UIInterfaceOrientationPortraitUpsideDown UIInterfaceOrientationLandscapeLeft UIInterfaceOrientationLandscapeRight";
				INFOPLIST_KEY_UISupportedInterfaceOrientations_iPhone = "UIInterfaceOrientationPortrait UIInterfaceOrientationLandscapeLeft UIInterfaceOrientationLandscapeRight";
				LD_RUNPATH_SEARCH_PATHS = (
					"$(inherited)",
					"@executable_path/Frameworks",
				);
				MARKETING_VERSION = 1.0;
				PRODUCT_BUNDLE_IDENTIFIER = com.demo.segmentcontrol;
				PRODUCT_NAME = "$(TARGET_NAME)";
				SWIFT_EMIT_LOC_STRINGS = YES;
				SWIFT_VERSION = 5.0;
				TARGETED_DEVICE_FAMILY = "1,2";
			};
			name = Release;
		};
		3F542DAD2B5620F50009EFBC /* Debug */ = {
			isa = XCBuildConfiguration;
			buildSettings = {
				ALWAYS_EMBED_SWIFT_STANDARD_LIBRARIES = YES;
				BUNDLE_LOADER = "$(TEST_HOST)";
				CODE_SIGN_STYLE = Automatic;
				CURRENT_PROJECT_VERSION = 1;
				GENERATE_INFOPLIST_FILE = YES;
				IPHONEOS_DEPLOYMENT_TARGET = 17.0;
				MARKETING_VERSION = 1.0;
				PRODUCT_BUNDLE_IDENTIFIER = com.demo.segmentcontrolTests;
				PRODUCT_NAME = "$(TARGET_NAME)";
				SWIFT_EMIT_LOC_STRINGS = NO;
				SWIFT_VERSION = 5.0;
				TARGETED_DEVICE_FAMILY = "1,2";
				TEST_HOST = "$(BUILT_PRODUCTS_DIR)/segmentcontrol.app/$(BUNDLE_EXECUTABLE_FOLDER_PATH)/segmentcontrol";
			};
			name = Debug;
		};
		3F542DAE2B5620F50009EFBC /* Release */ = {
			isa = XCBuildConfiguration;
			buildSettings = {
				ALWAYS_EMBED_SWIFT_STANDARD_LIBRARIES = YES;
				BUNDLE_LOADER = "$(TEST_HOST)";
				CODE_SIGN_STYLE = Automatic;
				CURRENT_PROJECT_VERSION = 1;
				GENERATE_INFOPLIST_FILE = YES;
				IPHONEOS_DEPLOYMENT_TARGET = 17.0;
				MARKETING_VERSION = 1.0;
				PRODUCT_BUNDLE_IDENTIFIER = com.demo.segmentcontrolTests;
				PRODUCT_NAME = "$(TARGET_NAME)";
				SWIFT_EMIT_LOC_STRINGS = NO;
				SWIFT_VERSION = 5.0;
				TARGETED_DEVICE_FAMILY = "1,2";
				TEST_HOST = "$(BUILT_PRODUCTS_DIR)/segmentcontrol.app/$(BUNDLE_EXECUTABLE_FOLDER_PATH)/segmentcontrol";
			};
			name = Release;
		};
		3F542DB02B5620F50009EFBC /* Debug */ = {
			isa = XCBuildConfiguration;
			buildSettings = {
				ALWAYS_EMBED_SWIFT_STANDARD_LIBRARIES = YES;
				CODE_SIGN_STYLE = Automatic;
				CURRENT_PROJECT_VERSION = 1;
				GENERATE_INFOPLIST_FILE = YES;
				MARKETING_VERSION = 1.0;
				PRODUCT_BUNDLE_IDENTIFIER = com.demo.segmentcontrolUITests;
				PRODUCT_NAME = "$(TARGET_NAME)";
				SWIFT_EMIT_LOC_STRINGS = NO;
				SWIFT_VERSION = 5.0;
				TARGETED_DEVICE_FAMILY = "1,2";
				TEST_TARGET_NAME = segmentcontrol;
			};
			name = Debug;
		};
		3F542DB12B5620F50009EFBC /* Release */ = {
			isa = XCBuildConfiguration;
			buildSettings = {
				ALWAYS_EMBED_SWIFT_STANDARD_LIBRARIES = YES;
				CODE_SIGN_STYLE = Automatic;
				CURRENT_PROJECT_VERSION = 1;
				GENERATE_INFOPLIST_FILE = YES;
				MARKETING_VERSION = 1.0;
				PRODUCT_BUNDLE_IDENTIFIER = com.demo.segmentcontrolUITests;
				PRODUCT_NAME = "$(TARGET_NAME)";
				SWIFT_EMIT_LOC_STRINGS = NO;
				SWIFT_VERSION = 5.0;
				TARGETED_DEVICE_FAMILY = "1,2";
				TEST_TARGET_NAME = segmentcontrol;
			};
			name = Release;
		};
/* End XCBuildConfiguration section */

/* Begin XCConfigurationList section */
		3F542D7A2B5620F40009EFBC /* Build configuration list for PBXProject "segmentcontrol" */ = {
			isa = XCConfigurationList;
			buildConfigurations = (
				3F542DA72B5620F50009EFBC /* Debug */,
				3F542DA82B5620F50009EFBC /* Release */,
			);
			defaultConfigurationIsVisible = 0;
			defaultConfigurationName = Release;
		};
		3F542DA92B5620F50009EFBC /* Build configuration list for PBXNativeTarget "segmentcontrol" */ = {
			isa = XCConfigurationList;
			buildConfigurations = (
				3F542DAA2B5620F50009EFBC /* Debug */,
				3F542DAB2B5620F50009EFBC /* Release */,
			);
			defaultConfigurationIsVisible = 0;
			defaultConfigurationName = Release;
		};
		3F542DAC2B5620F50009EFBC /* Build configuration list for PBXNativeTarget "segmentcontrolTests" */ = {
			isa = XCConfigurationList;
			buildConfigurations = (
				3F542DAD2B5620F50009EFBC /* Debug */,
				3F542DAE2B5620F50009EFBC /* Release */,
			);
			defaultConfigurationIsVisible = 0;
			defaultConfigurationName = Release;
		};
		3F542DAF2B5620F50009EFBC /* Build configuration list for PBXNativeTarget "segmentcontrolUITests" */ = {
			isa = XCConfigurationList;
			buildConfigurations = (
				3F542DB02B5620F50009EFBC /* Debug */,
				3F542DB12B5620F50009EFBC /* Release */,
			);
			defaultConfigurationIsVisible = 0;
			defaultConfigurationName = Release;
		};
/* End XCConfigurationList section */
	};
	rootObject = 3F542D772B5620F40009EFBC /* Project object */;
}
