// !$*UTF8*$!
{
	archiveVersion = 1;
	classes = {
	};
	objectVersion = 56;
	objects = {

/* Begin PBXBuildFile section */
		3F478C632B562B9C0076CE9D /* AppDelegate.swift in Sources */ = {isa = PBXBuildFile; fileRef = 3F478C622B562B9C0076CE9D /* AppDelegate.swift */; };
		3F478C652B562B9C0076CE9D /* SceneDelegate.swift in Sources */ = {isa = PBXBuildFile; fileRef = 3F478C642B562B9C0076CE9D /* SceneDelegate.swift */; };
		3F478C672B562B9C0076CE9D /* ViewController.swift in Sources */ = {isa = PBXBuildFile; fileRef = 3F478C662B562B9C0076CE9D /* ViewController.swift */; };
		3F478C6A2B562B9C0076CE9D /* Main.storyboard in Resources */ = {isa = PBXBuildFile; fileRef = 3F478C682B562B9C0076CE9D /* Main.storyboard */; };
		3F478C6C2B562B9D0076CE9D /* Assets.xcassets in Resources */ = {isa = PBXBuildFile; fileRef = 3F478C6B2B562B9D0076CE9D /* Assets.xcassets */; };
		3F478C6F2B562B9D0076CE9D /* LaunchScreen.storyboard in Resources */ = {isa = PBXBuildFile; fileRef = 3F478C6D2B562B9D0076CE9D /* LaunchScreen.storyboard */; };
		3F478C7A2B562B9D0076CE9D /* stepperTests.swift in Sources */ = {isa = PBXBuildFile; fileRef = 3F478C792B562B9D0076CE9D /* stepperTests.swift */; };
		3F478C842B562B9D0076CE9D /* stepperUITests.swift in Sources */ = {isa = PBXBuildFile; fileRef = 3F478C832B562B9D0076CE9D /* stepperUITests.swift */; };
		3F478C862B562B9D0076CE9D /* stepperUITestsLaunchTests.swift in Sources */ = {isa = PBXBuildFile; fileRef = 3F478C852B562B9D0076CE9D /* stepperUITestsLaunchTests.swift */; };
/* End PBXBuildFile section */

/* Begin PBXContainerItemProxy section */
		3F478C762B562B9D0076CE9D /* PBXContainerItemProxy */ = {
			isa = PBXContainerItemProxy;
			containerPortal = 3F478C572B562B9C0076CE9D /* Project object */;
			proxyType = 1;
			remoteGlobalIDString = 3F478C5E2B562B9C0076CE9D;
			remoteInfo = stepper;
		};
		3F478C802B562B9D0076CE9D /* PBXContainerItemProxy */ = {
			isa = PBXContainerItemProxy;
			containerPortal = 3F478C572B562B9C0076CE9D /* Project object */;
			proxyType = 1;
			remoteGlobalIDString = 3F478C5E2B562B9C0076CE9D;
			remoteInfo = stepper;
		};
/* End PBXContainerItemProxy section */

/* Begin PBXFileReference section */
		3F478C5F2B562B9C0076CE9D /* stepper.app */ = {isa = PBXFileReference; explicitFileType = wrapper.application; includeInIndex = 0; path = stepper.app; sourceTree = BUILT_PRODUCTS_DIR; };
		3F478C622B562B9C0076CE9D /* AppDelegate.swift */ = {isa = PBXFileReference; lastKnownFileType = sourcecode.swift; path = AppDelegate.swift; sourceTree = "<group>"; };
		3F478C642B562B9C0076CE9D /* SceneDelegate.swift */ = {isa = PBXFileReference; lastKnownFileType = sourcecode.swift; path = SceneDelegate.swift; sourceTree = "<group>"; };
		3F478C662B562B9C0076CE9D /* ViewController.swift */ = {isa = PBXFileReference; lastKnownFileType = sourcecode.swift; path = ViewController.swift; sourceTree = "<group>"; };
		3F478C692B562B9C0076CE9D /* Base */ = {isa = PBXFileReference; lastKnownFileType = file.storyboard; name = Base; path = Base.lproj/Main.storyboard; sourceTree = "<group>"; };
		3F478C6B2B562B9D0076CE9D /* Assets.xcassets */ = {isa = PBXFileReference; lastKnownFileType = folder.assetcatalog; path = Assets.xcassets; sourceTree = "<group>"; };
		3F478C6E2B562B9D0076CE9D /* Base */ = {isa = PBXFileReference; lastKnownFileType = file.storyboard; name = Base; path = Base.lproj/LaunchScreen.storyboard; sourceTree = "<group>"; };
		3F478C702B562B9D0076CE9D /* Info.plist */ = {isa = PBXFileReference; lastKnownFileType = text.plist.xml; path = Info.plist; sourceTree = "<group>"; };
		3F478C752B562B9D0076CE9D /* stepperTests.xctest */ = {isa = PBXFileReference; explicitFileType = wrapper.cfbundle; includeInIndex = 0; path = stepperTests.xctest; sourceTree = BUILT_PRODUCTS_DIR; };
		3F478C792B562B9D0076CE9D /* stepperTests.swift */ = {isa = PBXFileReference; lastKnownFileType = sourcecode.swift; path = stepperTests.swift; sourceTree = "<group>"; };
		3F478C7F2B562B9D0076CE9D /* stepperUITests.xctest */ = {isa = PBXFileReference; explicitFileType = wrapper.cfbundle; includeInIndex = 0; path = stepperUITests.xctest; sourceTree = BUILT_PRODUCTS_DIR; };
		3F478C832B562B9D0076CE9D /* stepperUITests.swift */ = {isa = PBXFileReference; lastKnownFileType = sourcecode.swift; path = stepperUITests.swift; sourceTree = "<group>"; };
		3F478C852B562B9D0076CE9D /* stepperUITestsLaunchTests.swift */ = {isa = PBXFileReference; lastKnownFileType = sourcecode.swift; path = stepperUITestsLaunchTests.swift; sourceTree = "<group>"; };
/* End PBXFileReference section */

/* Begin PBXFrameworksBuildPhase section */
		3F478C5C2B562B9C0076CE9D /* Frameworks */ = {
			isa = PBXFrameworksBuildPhase;
			buildActionMask = 2147483647;
			files = (
			);
			runOnlyForDeploymentPostprocessing = 0;
		};
		3F478C722B562B9D0076CE9D /* Frameworks */ = {
			isa = PBXFrameworksBuildPhase;
			buildActionMask = 2147483647;
			files = (
			);
			runOnlyForDeploymentPostprocessing = 0;
		};
		3F478C7C2B562B9D0076CE9D /* Frameworks */ = {
			isa = PBXFrameworksBuildPhase;
			buildActionMask = 2147483647;
			files = (
			);
			runOnlyForDeploymentPostprocessing = 0;
		};
/* End PBXFrameworksBuildPhase section */

/* Begin PBXGroup section */
		3F478C562B562B9C0076CE9D = {
			isa = PBXGroup;
			children = (
				3F478C612B562B9C0076CE9D /* stepper */,
				3F478C782B562B9D0076CE9D /* stepperTests */,
				3F478C822B562B9D0076CE9D /* stepperUITests */,
				3F478C602B562B9C0076CE9D /* Products */,
			);
			sourceTree = "<group>";
		};
		3F478C602B562B9C0076CE9D /* Products */ = {
			isa = PBXGroup;
			children = (
				3F478C5F2B562B9C0076CE9D /* stepper.app */,
				3F478C752B562B9D0076CE9D /* stepperTests.xctest */,
				3F478C7F2B562B9D0076CE9D /* stepperUITests.xctest */,
			);
			name = Products;
			sourceTree = "<group>";
		};
		3F478C612B562B9C0076CE9D /* stepper */ = {
			isa = PBXGroup;
			children = (
				3F478C622B562B9C0076CE9D /* AppDelegate.swift */,
				3F478C642B562B9C0076CE9D /* SceneDelegate.swift */,
				3F478C662B562B9C0076CE9D /* ViewController.swift */,
				3F478C682B562B9C0076CE9D /* Main.storyboard */,
				3F478C6B2B562B9D0076CE9D /* Assets.xcassets */,
				3F478C6D2B562B9D0076CE9D /* LaunchScreen.storyboard */,
				3F478C702B562B9D0076CE9D /* Info.plist */,
			);
			path = stepper;
			sourceTree = "<group>";
		};
		3F478C782B562B9D0076CE9D /* stepperTests */ = {
			isa = PBXGroup;
			children = (
				3F478C792B562B9D0076CE9D /* stepperTests.swift */,
			);
			path = stepperTests;
			sourceTree = "<group>";
		};
		3F478C822B562B9D0076CE9D /* stepperUITests */ = {
			isa = PBXGroup;
			children = (
				3F478C832B562B9D0076CE9D /* stepperUITests.swift */,
				3F478C852B562B9D0076CE9D /* stepperUITestsLaunchTests.swift */,
			);
			path = stepperUITests;
			sourceTree = "<group>";
		};
/* End PBXGroup section */

/* Begin PBXNativeTarget section */
		3F478C5E2B562B9C0076CE9D /* stepper */ = {
			isa = PBXNativeTarget;
			buildConfigurationList = 3F478C892B562B9D0076CE9D /* Build configuration list for PBXNativeTarget "stepper" */;
			buildPhases = (
				3F478C5B2B562B9C0076CE9D /* Sources */,
				3F478C5C2B562B9C0076CE9D /* Frameworks */,
				3F478C5D2B562B9C0076CE9D /* Resources */,
			);
			buildRules = (
			);
			dependencies = (
			);
			name = stepper;
			productName = stepper;
			productReference = 3F478C5F2B562B9C0076CE9D /* stepper.app */;
			productType = "com.apple.product-type.application";
		};
		3F478C742B562B9D0076CE9D /* stepperTests */ = {
			isa = PBXNativeTarget;
			buildConfigurationList = 3F478C8C2B562B9D0076CE9D /* Build configuration list for PBXNativeTarget "stepperTests" */;
			buildPhases = (
				3F478C712B562B9D0076CE9D /* Sources */,
				3F478C722B562B9D0076CE9D /* Frameworks */,
				3F478C732B562B9D0076CE9D /* Resources */,
			);
			buildRules = (
			);
			dependencies = (
				3F478C772B562B9D0076CE9D /* PBXTargetDependency */,
			);
			name = stepperTests;
			productName = stepperTests;
			productReference = 3F478C752B562B9D0076CE9D /* stepperTests.xctest */;
			productType = "com.apple.product-type.bundle.unit-test";
		};
		3F478C7E2B562B9D0076CE9D /* stepperUITests */ = {
			isa = PBXNativeTarget;
			buildConfigurationList = 3F478C8F2B562B9D0076CE9D /* Build configuration list for PBXNativeTarget "stepperUITests" */;
			buildPhases = (
				3F478C7B2B562B9D0076CE9D /* Sources */,
				3F478C7C2B562B9D0076CE9D /* Frameworks */,
				3F478C7D2B562B9D0076CE9D /* Resources */,
			);
			buildRules = (
			);
			dependencies = (
				3F478C812B562B9D0076CE9D /* PBXTargetDependency */,
			);
			name = stepperUITests;
			productName = stepperUITests;
			productReference = 3F478C7F2B562B9D0076CE9D /* stepperUITests.xctest */;
			productType = "com.apple.product-type.bundle.ui-testing";
		};
/* End PBXNativeTarget section */

/* Begin PBXProject section */
		3F478C572B562B9C0076CE9D /* Project object */ = {
			isa = PBXProject;
			attributes = {
				BuildIndependentTargetsInParallel = 1;
				LastSwiftUpdateCheck = 1500;
				LastUpgradeCheck = 1500;
				TargetAttributes = {
					3F478C5E2B562B9C0076CE9D = {
						CreatedOnToolsVersion = 15.0.1;
					};
					3F478C742B562B9D0076CE9D = {
						CreatedOnToolsVersion = 15.0.1;
						TestTargetID = 3F478C5E2B562B9C0076CE9D;
					};
					3F478C7E2B562B9D0076CE9D = {
						CreatedOnToolsVersion = 15.0.1;
						TestTargetID = 3F478C5E2B562B9C0076CE9D;
					};
				};
			};
			buildConfigurationList = 3F478C5A2B562B9C0076CE9D /* Build configuration list for PBXProject "stepper" */;
			compatibilityVersion = "Xcode 14.0";
			developmentRegion = en;
			hasScannedForEncodings = 0;
			knownRegions = (
				en,
				Base,
			);
			mainGroup = 3F478C562B562B9C0076CE9D;
			productRefGroup = 3F478C602B562B9C0076CE9D /* Products */;
			projectDirPath = "";
			projectRoot = "";
			targets = (
				3F478C5E2B562B9C0076CE9D /* stepper */,
				3F478C742B562B9D0076CE9D /* stepperTests */,
				3F478C7E2B562B9D0076CE9D /* stepperUITests */,
			);
		};
/* End PBXProject section */

/* Begin PBXResourcesBuildPhase section */
		3F478C5D2B562B9C0076CE9D /* Resources */ = {
			isa = PBXResourcesBuildPhase;
			buildActionMask = 2147483647;
			files = (
				3F478C6F2B562B9D0076CE9D /* LaunchScreen.storyboard in Resources */,
				3F478C6C2B562B9D0076CE9D /* Assets.xcassets in Resources */,
				3F478C6A2B562B9C0076CE9D /* Main.storyboard in Resources */,
			);
			runOnlyForDeploymentPostprocessing = 0;
		};
		3F478C732B562B9D0076CE9D /* Resources */ = {
			isa = PBXResourcesBuildPhase;
			buildActionMask = 2147483647;
			files = (
			);
			runOnlyForDeploymentPostprocessing = 0;
		};
		3F478C7D2B562B9D0076CE9D /* Resources */ = {
			isa = PBXResourcesBuildPhase;
			buildActionMask = 2147483647;
			files = (
			);
			runOnlyForDeploymentPostprocessing = 0;
		};
/* End PBXResourcesBuildPhase section */

/* Begin PBXSourcesBuildPhase section */
		3F478C5B2B562B9C0076CE9D /* Sources */ = {
			isa = PBXSourcesBuildPhase;
			buildActionMask = 2147483647;
			files = (
				3F478C672B562B9C0076CE9D /* ViewController.swift in Sources */,
				3F478C632B562B9C0076CE9D /* AppDelegate.swift in Sources */,
				3F478C652B562B9C0076CE9D /* SceneDelegate.swift in Sources */,
			);
			runOnlyForDeploymentPostprocessing = 0;
		};
		3F478C712B562B9D0076CE9D /* Sources */ = {
			isa = PBXSourcesBuildPhase;
			buildActionMask = 2147483647;
			files = (
				3F478C7A2B562B9D0076CE9D /* stepperTests.swift in Sources */,
			);
			runOnlyForDeploymentPostprocessing = 0;
		};
		3F478C7B2B562B9D0076CE9D /* Sources */ = {
			isa = PBXSourcesBuildPhase;
			buildActionMask = 2147483647;
			files = (
				3F478C862B562B9D0076CE9D /* stepperUITestsLaunchTests.swift in Sources */,
				3F478C842B562B9D0076CE9D /* stepperUITests.swift in Sources */,
			);
			runOnlyForDeploymentPostprocessing = 0;
		};
/* End PBXSourcesBuildPhase section */

/* Begin PBXTargetDependency section */
		3F478C772B562B9D0076CE9D /* PBXTargetDependency */ = {
			isa = PBXTargetDependency;
			target = 3F478C5E2B562B9C0076CE9D /* stepper */;
			targetProxy = 3F478C762B562B9D0076CE9D /* PBXContainerItemProxy */;
		};
		3F478C812B562B9D0076CE9D /* PBXTargetDependency */ = {
			isa = PBXTargetDependency;
			target = 3F478C5E2B562B9C0076CE9D /* stepper */;
			targetProxy = 3F478C802B562B9D0076CE9D /* PBXContainerItemProxy */;
		};
/* End PBXTargetDependency section */

/* Begin PBXVariantGroup section */
		3F478C682B562B9C0076CE9D /* Main.storyboard */ = {
			isa = PBXVariantGroup;
			children = (
				3F478C692B562B9C0076CE9D /* Base */,
			);
			name = Main.storyboard;
			sourceTree = "<group>";
		};
		3F478C6D2B562B9D0076CE9D /* LaunchScreen.storyboard */ = {
			isa = PBXVariantGroup;
			children = (
				3F478C6E2B562B9D0076CE9D /* Base */,
			);
			name = LaunchScreen.storyboard;
			sourceTree = "<group>";
		};
/* End PBXVariantGroup section */

/* Begin XCBuildConfiguration section */
		3F478C872B562B9D0076CE9D /* Debug */ = {
			isa = XCBuildConfiguration;
			buildSettings = {
				ALWAYS_SEARCH_USER_PATHS = NO;
				ASSETCATALOG_COMPILER_GENERATE_SWIFT_ASSET_SYMBOL_EXTENSIONS = YES;
				CLANG_ANALYZER_NONNULL = YES;
				CLANG_ANALYZER_NUMBER_OBJECT_CONVERSION = YES_AGGRESSIVE;
				CLANG_CXX_LANGUAGE_STANDARD = "gnu++20";
				CLANG_ENABLE_MODULES = YES;
				CLANG_ENABLE_OBJC_ARC = YES;
				CLANG_ENABLE_OBJC_WEAK = YES;
				CLANG_WARN_BLOCK_CAPTURE_AUTORELEASING = YES;
				CLANG_WARN_BOOL_CONVERSION = YES;
				CLANG_WARN_COMMA = YES;
				CLANG_WARN_CONSTANT_CONVERSION = YES;
				CLANG_WARN_DEPRECATED_OBJC_IMPLEMENTATIONS = YES;
				CLANG_WARN_DIRECT_OBJC_ISA_USAGE = YES_ERROR;
				CLANG_WARN_DOCUMENTATION_COMMENTS = YES;
				CLANG_WARN_EMPTY_BODY = YES;
				CLANG_WARN_ENUM_CONVERSION = YES;
				CLANG_WARN_INFINITE_RECURSION = YES;
				CLANG_WARN_INT_CONVERSION = YES;
				CLANG_WARN_NON_LITERAL_NULL_CONVERSION = YES;
				CLANG_WARN_OBJC_IMPLICIT_RETAIN_SELF = YES;
				CLANG_WARN_OBJC_LITERAL_CONVERSION = YES;
				CLANG_WARN_OBJC_ROOT_CLASS = YES_ERROR;
				CLANG_WARN_QUOTED_INCLUDE_IN_FRAMEWORK_HEADER = YES;
				CLANG_WARN_RANGE_LOOP_ANALYSIS = YES;
				CLANG_WARN_STRICT_PROTOTYPES = YES;
				CLANG_WARN_SUSPICIOUS_MOVE = YES;
				CLANG_WARN_UNGUARDED_AVAILABILITY = YES_AGGRESSIVE;
				CLANG_WARN_UNREACHABLE_CODE = YES;
				CLANG_WARN__DUPLICATE_METHOD_MATCH = YES;
				COPY_PHASE_STRIP = NO;
				DEBUG_INFORMATION_FORMAT = dwarf;
				ENABLE_STRICT_OBJC_MSGSEND = YES;
				ENABLE_TESTABILITY = YES;
				ENABLE_USER_SCRIPT_SANDBOXING = YES;
				GCC_C_LANGUAGE_STANDARD = gnu17;
				GCC_DYNAMIC_NO_PIC = NO;
				GCC_NO_COMMON_BLOCKS = YES;
				GCC_OPTIMIZATION_LEVEL = 0;
				GCC_PREPROCESSOR_DEFINITIONS = (
					"DEBUG=1",
					"$(inherited)",
				);
				GCC_WARN_64_TO_32_BIT_CONVERSION = YES;
				GCC_WARN_ABOUT_RETURN_TYPE = YES_ERROR;
				GCC_WARN_UNDECLARED_SELECTOR = YES;
				GCC_WARN_UNINITIALIZED_AUTOS = YES_AGGRESSIVE;
				GCC_WARN_UNUSED_FUNCTION = YES;
				GCC_WARN_UNUSED_VARIABLE = YES;
				IPHONEOS_DEPLOYMENT_TARGET = 17.0;
				LOCALIZATION_PREFERS_STRING_CATALOGS = YES;
				MTL_ENABLE_DEBUG_INFO = INCLUDE_SOURCE;
				MTL_FAST_MATH = YES;
				ONLY_ACTIVE_ARCH = YES;
				SDKROOT = iphoneos;
				SWIFT_ACTIVE_COMPILATION_CONDITIONS = "DEBUG $(inherited)";
				SWIFT_OPTIMIZATION_LEVEL = "-Onone";
			};
			name = Debug;
		};
		3F478C882B562B9D0076CE9D /* Release */ = {
			isa = XCBuildConfiguration;
			buildSettings = {
				ALWAYS_SEARCH_USER_PATHS = NO;
				ASSETCATALOG_COMPILER_GENERATE_SWIFT_ASSET_SYMBOL_EXTENSIONS = YES;
				CLANG_ANALYZER_NONNULL = YES;
				CLANG_ANALYZER_NUMBER_OBJECT_CONVERSION = YES_AGGRESSIVE;
				CLANG_CXX_LANGUAGE_STANDARD = "gnu++20";
				CLANG_ENABLE_MODULES = YES;
				CLANG_ENABLE_OBJC_ARC = YES;
				CLANG_ENABLE_OBJC_WEAK = YES;
				CLANG_WARN_BLOCK_CAPTURE_AUTORELEASING = YES;
				CLANG_WARN_BOOL_CONVERSION = YES;
				CLANG_WARN_COMMA = YES;
				CLANG_WARN_CONSTANT_CONVERSION = YES;
				CLANG_WARN_DEPRECATED_OBJC_IMPLEMENTATIONS = YES;
				CLANG_WARN_DIRECT_OBJC_ISA_USAGE = YES_ERROR;
				CLANG_WARN_DOCUMENTATION_COMMENTS = YES;
				CLANG_WARN_EMPTY_BODY = YES;
				CLANG_WARN_ENUM_CONVERSION = YES;
				CLANG_WARN_INFINITE_RECURSION = YES;
				CLANG_WARN_INT_CONVERSION = YES;
				CLANG_WARN_NON_LITERAL_NULL_CONVERSION = YES;
				CLANG_WARN_OBJC_IMPLICIT_RETAIN_SELF = YES;
				CLANG_WARN_OBJC_LITERAL_CONVERSION = YES;
				CLANG_WARN_OBJC_ROOT_CLASS = YES_ERROR;
				CLANG_WARN_QUOTED_INCLUDE_IN_FRAMEWORK_HEADER = YES;
				CLANG_WARN_RANGE_LOOP_ANALYSIS = YES;
				CLANG_WARN_STRICT_PROTOTYPES = YES;
				CLANG_WARN_SUSPICIOUS_MOVE = YES;
				CLANG_WARN_UNGUARDED_AVAILABILITY = YES_AGGRESSIVE;
				CLANG_WARN_UNREACHABLE_CODE = YES;
				CLANG_WARN__DUPLICATE_METHOD_MATCH = YES;
				COPY_PHASE_STRIP = NO;
				DEBUG_INFORMATION_FORMAT = "dwarf-with-dsym";
				ENABLE_NS_ASSERTIONS = NO;
				ENABLE_STRICT_OBJC_MSGSEND = YES;
				ENABLE_USER_SCRIPT_SANDBOXING = YES;
				GCC_C_LANGUAGE_STANDARD = gnu17;
				GCC_NO_COMMON_BLOCKS = YES;
				GCC_WARN_64_TO_32_BIT_CONVERSION = YES;
				GCC_WARN_ABOUT_RETURN_TYPE = YES_ERROR;
				GCC_WARN_UNDECLARED_SELECTOR = YES;
				GCC_WARN_UNINITIALIZED_AUTOS = YES_AGGRESSIVE;
				GCC_WARN_UNUSED_FUNCTION = YES;
				GCC_WARN_UNUSED_VARIABLE = YES;
				IPHONEOS_DEPLOYMENT_TARGET = 17.0;
				LOCALIZATION_PREFERS_STRING_CATALOGS = YES;
				MTL_ENABLE_DEBUG_INFO = NO;
				MTL_FAST_MATH = YES;
				SDKROOT = iphoneos;
				SWIFT_COMPILATION_MODE = wholemodule;
				VALIDATE_PRODUCT = YES;
			};
			name = Release;
		};
		3F478C8A2B562B9D0076CE9D /* Debug */ = {
			isa = XCBuildConfiguration;
			buildSettings = {
				ASSETCATALOG_COMPILER_APPICON_NAME = AppIcon;
				ASSETCATALOG_COMPILER_GLOBAL_ACCENT_COLOR_NAME = AccentColor;
				CODE_SIGN_STYLE = Automatic;
				CURRENT_PROJECT_VERSION = 1;
				GENERATE_INFOPLIST_FILE = YES;
				INFOPLIST_FILE = stepper/Info.plist;
				INFOPLIST_KEY_UIApplicationSupportsIndirectInputEvents = YES;
				INFOPLIST_KEY_UILaunchStoryboardName = LaunchScreen;
				INFOPLIST_KEY_UIMainStoryboardFile = Main;
				INFOPLIST_KEY_UISupportedInterfaceOrientations_iPad = "UIInterfaceOrientationPortrait UIInterfaceOrientationPortraitUpsideDown UIInterfaceOrientationLandscapeLeft UIInterfaceOrientationLandscapeRight";
				INFOPLIST_KEY_UISupportedInterfaceOrientations_iPhone = "UIInterfaceOrientationPortrait UIInterfaceOrientationLandscapeLeft UIInterfaceOrientationLandscapeRight";
				LD_RUNPATH_SEARCH_PATHS = (
					"$(inherited)",
					"@executable_path/Frameworks",
				);
				MARKETING_VERSION = 1.0;
				PRODUCT_BUNDLE_IDENTIFIER = com.demo.stepper;
				PRODUCT_NAME = "$(TARGET_NAME)";
				SWIFT_EMIT_LOC_STRINGS = YES;
				SWIFT_VERSION = 5.0;
				TARGETED_DEVICE_FAMILY = "1,2";
			};
			name = Debug;
		};
		3F478C8B2B562B9D0076CE9D /* Release */ = {
			isa = XCBuildConfiguration;
			buildSettings = {
				ASSETCATALOG_COMPILER_APPICON_NAME = AppIcon;
				ASSETCATALOG_COMPILER_GLOBAL_ACCENT_COLOR_NAME = AccentColor;
				CODE_SIGN_STYLE = Automatic;
				CURRENT_PROJECT_VERSION = 1;
				GENERATE_INFOPLIST_FILE = YES;
				INFOPLIST_FILE = stepper/Info.plist;
				INFOPLIST_KEY_UIApplicationSupportsIndirectInputEvents = YES;
				INFOPLIST_KEY_UILaunchStoryboardName = LaunchScreen;
				INFOPLIST_KEY_UIMainStoryboardFile = Main;
				INFOPLIST_KEY_UISupportedInterfaceOrientations_iPad = "UIInterfaceOrientationPortrait UIInterfaceOrientationPortraitUpsideDown UIInterfaceOrientationLandscapeLeft UIInterfaceOrientationLandscapeRight";
				INFOPLIST_KEY_UISupportedInterfaceOrientations_iPhone = "UIInterfaceOrientationPortrait UIInterfaceOrientationLandscapeLeft UIInterfaceOrientationLandscapeRight";
				LD_RUNPATH_SEARCH_PATHS = (
					"$(inherited)",
					"@executable_path/Frameworks",
				);
				MARKETING_VERSION = 1.0;
				PRODUCT_BUNDLE_IDENTIFIER = com.demo.stepper;
				PRODUCT_NAME = "$(TARGET_NAME)";
				SWIFT_EMIT_LOC_STRINGS = YES;
				SWIFT_VERSION = 5.0;
				TARGETED_DEVICE_FAMILY = "1,2";
			};
			name = Release;
		};
		3F478C8D2B562B9D0076CE9D /* Debug */ = {
			isa = XCBuildConfiguration;
			buildSettings = {
				ALWAYS_EMBED_SWIFT_STANDARD_LIBRARIES = YES;
				BUNDLE_LOADER = "$(TEST_HOST)";
				CODE_SIGN_STYLE = Automatic;
				CURRENT_PROJECT_VERSION = 1;
				GENERATE_INFOPLIST_FILE = YES;
				IPHONEOS_DEPLOYMENT_TARGET = 17.0;
				MARKETING_VERSION = 1.0;
				PRODUCT_BUNDLE_IDENTIFIER = com.demo.stepperTests;
				PRODUCT_NAME = "$(TARGET_NAME)";
				SWIFT_EMIT_LOC_STRINGS = NO;
				SWIFT_VERSION = 5.0;
				TARGETED_DEVICE_FAMILY = "1,2";
				TEST_HOST = "$(BUILT_PRODUCTS_DIR)/stepper.app/$(BUNDLE_EXECUTABLE_FOLDER_PATH)/stepper";
			};
			name = Debug;
		};
		3F478C8E2B562B9D0076CE9D /* Release */ = {
			isa = XCBuildConfiguration;
			buildSettings = {
				ALWAYS_EMBED_SWIFT_STANDARD_LIBRARIES = YES;
				BUNDLE_LOADER = "$(TEST_HOST)";
				CODE_SIGN_STYLE = Automatic;
				CURRENT_PROJECT_VERSION = 1;
				GENERATE_INFOPLIST_FILE = YES;
				IPHONEOS_DEPLOYMENT_TARGET = 17.0;
				MARKETING_VERSION = 1.0;
				PRODUCT_BUNDLE_IDENTIFIER = com.demo.stepperTests;
				PRODUCT_NAME = "$(TARGET_NAME)";
				SWIFT_EMIT_LOC_STRINGS = NO;
				SWIFT_VERSION = 5.0;
				TARGETED_DEVICE_FAMILY = "1,2";
				TEST_HOST = "$(BUILT_PRODUCTS_DIR)/stepper.app/$(BUNDLE_EXECUTABLE_FOLDER_PATH)/stepper";
			};
			name = Release;
		};
		3F478C902B562B9D0076CE9D /* Debug */ = {
			isa = XCBuildConfiguration;
			buildSettings = {
				ALWAYS_EMBED_SWIFT_STANDARD_LIBRARIES = YES;
				CODE_SIGN_STYLE = Automatic;
				CURRENT_PROJECT_VERSION = 1;
				GENERATE_INFOPLIST_FILE = YES;
				MARKETING_VERSION = 1.0;
				PRODUCT_BUNDLE_IDENTIFIER = com.demo.stepperUITests;
				PRODUCT_NAME = "$(TARGET_NAME)";
				SWIFT_EMIT_LOC_STRINGS = NO;
				SWIFT_VERSION = 5.0;
				TARGETED_DEVICE_FAMILY = "1,2";
				TEST_TARGET_NAME = stepper;
			};
			name = Debug;
		};
		3F478C912B562B9D0076CE9D /* Release */ = {
			isa = XCBuildConfiguration;
			buildSettings = {
				ALWAYS_EMBED_SWIFT_STANDARD_LIBRARIES = YES;
				CODE_SIGN_STYLE = Automatic;
				CURRENT_PROJECT_VERSION = 1;
				GENERATE_INFOPLIST_FILE = YES;
				MARKETING_VERSION = 1.0;
				PRODUCT_BUNDLE_IDENTIFIER = com.demo.stepperUITests;
				PRODUCT_NAME = "$(TARGET_NAME)";
				SWIFT_EMIT_LOC_STRINGS = NO;
				SWIFT_VERSION = 5.0;
				TARGETED_DEVICE_FAMILY = "1,2";
				TEST_TARGET_NAME = stepper;
			};
			name = Release;
		};
/* End XCBuildConfiguration section */

/* Begin XCConfigurationList section */
		3F478C5A2B562B9C0076CE9D /* Build configuration list for PBXProject "stepper" */ = {
			isa = XCConfigurationList;
			buildConfigurations = (
				3F478C872B562B9D0076CE9D /* Debug */,
				3F478C882B562B9D0076CE9D /* Release */,
			);
			defaultConfigurationIsVisible = 0;
			defaultConfigurationName = Release;
		};
		3F478C892B562B9D0076CE9D /* Build configuration list for PBXNativeTarget "stepper" */ = {
			isa = XCConfigurationList;
			buildConfigurations = (
				3F478C8A2B562B9D0076CE9D /* Debug */,
				3F478C8B2B562B9D0076CE9D /* Release */,
			);
			defaultConfigurationIsVisible = 0;
			defaultConfigurationName = Release;
		};
		3F478C8C2B562B9D0076CE9D /* Build configuration list for PBXNativeTarget "stepperTests" */ = {
			isa = XCConfigurationList;
			buildConfigurations = (
				3F478C8D2B562B9D0076CE9D /* Debug */,
				3F478C8E2B562B9D0076CE9D /* Release */,
			);
			defaultConfigurationIsVisible = 0;
			defaultConfigurationName = Release;
		};
		3F478C8F2B562B9D0076CE9D /* Build configuration list for PBXNativeTarget "stepperUITests" */ = {
			isa = XCConfigurationList;
			buildConfigurations = (
				3F478C902B562B9D0076CE9D /* Debug */,
				3F478C912B562B9D0076CE9D /* Release */,
			);
			defaultConfigurationIsVisible = 0;
			defaultConfigurationName = Release;
		};
/* End XCConfigurationList section */
	};
	rootObject = 3F478C572B562B9C0076CE9D /* Project object */;
}
